
Microsoft Visual Studio Solution File, Format Version 12.00
# Visual Studio Version 17
VisualStudioVersion = 17.0.31903.59
MinimumVisualStudioVersion = 10.0.40219.1
Project("{2150E333-8FDC-42A3-9474-1A3956D46DE8}") = "src", "src", "{88086700-F1EB-4E51-B9E1-4F4D06B94876}"
EndProject
Project("{FAE04EC0-301F-11D3-BF4B-00C04F79EFBC}") = "FacturaE", "src\facturae\FacturaE.csproj", "{E31A3B5E-FEA2-4FC0-80C1-415C91A635AF}"
EndProject
Global
	GlobalSection(SolutionConfigurationPlatforms) = preSolution
		Debug|Any CPU = Debug|Any CPU
		Release|Any CPU = Release|Any CPU
	EndGlobalSection
	GlobalSection(SolutionProperties) = preSolution
		HideSolutionNode = FALSE
	EndGlobalSection
	GlobalSection(ProjectConfigurationPlatforms) = postSolution
		{E31A3B5E-FEA2-4FC0-80C1-415C91A635AF}.Debug|Any CPU.ActiveCfg = Debug|Any CPU
		{E31A3B5E-FEA2-4FC0-80C1-415C91A635AF}.Debug|Any CPU.Build.0 = Debug|Any CPU
		{E31A3B5E-FEA2-4FC0-80C1-415C91A635AF}.Release|Any CPU.ActiveCfg = Release|Any CPU
		{E31A3B5E-FEA2-4FC0-80C1-415C91A635AF}.Release|Any CPU.Build.0 = Release|Any CPU
	EndGlobalSection
	GlobalSection(NestedProjects) = preSolution
		{E31A3B5E-FEA2-4FC0-80C1-415C91A635AF} = {88086700-F1EB-4E51-B9E1-4F4D06B94876}
	EndGlobalSection
EndGlobal
